
Microsoft Visual Studio Solution File, Format Version 12.00
# Visual Studio Version 17
VisualStudioVersion = 17.0.31903.59
MinimumVisualStudioVersion = 10.0.40219.1
Project("{FAE04EC0-301F-11D3-BF4B-00C04F79EFBC}") = "EnglishVocab.Domain", "EnglishVocab.Domain\EnglishVocab.Domain.csproj", "{83D2FD93-A5FD-4B32-8288-688488468874}"
EndProject
Project("{FAE04EC0-301F-11D3-BF4B-00C04F79EFBC}") = "EnglishVocab.Application", "EnglishVocab.Application\EnglishVocab.Application.csproj", "{5E53573A-F57E-4CA6-98A2-C4B657403181}"
EndProject
Project("{FAE04EC0-301F-11D3-BF4B-00C04F79EFBC}") = "EnglishVocab.Infrastructure", "EnglishVocab.Infrastructure\EnglishVocab.Infrastructure.csproj", "{0DB33F5A-A782-4BE9-8033-A9DE498E1138}"
EndProject
Project("{FAE04EC0-301F-11D3-BF4B-00C04F79EFBC}") = "EnglishVocab.API", "EnglishVocab.API\EnglishVocab.API.csproj", "{8DAE99AE-FCAB-4984-82C8-C3885566B194}"
EndProject
Project("{FAE04EC0-301F-11D3-BF4B-00C04F79EFBC}") = "EnglishVocab.Tests", "EnglishVocab.Tests\EnglishVocab.Tests.csproj", "{05D5BA07-F2B3-4ACD-9466-EA39AB849FD3}"
EndProject
Project("{FAE04EC0-301F-11D3-BF4B-00C04F79EFBC}") = "EnglishVocab.Constants", "EnglishVocab.Constants\EnglishVocab.Constants.csproj", "{3F3A2A06-DE64-4656-8ACB-BA2898B42B4F}"
EndProject
Global
	GlobalSection(SolutionConfigurationPlatforms) = preSolution
		Debug|Any CPU = Debug|Any CPU
		Debug|x64 = Debug|x64
		Debug|x86 = Debug|x86
		Release|Any CPU = Release|Any CPU
		Release|x64 = Release|x64
		Release|x86 = Release|x86
	EndGlobalSection
	GlobalSection(ProjectConfigurationPlatforms) = postSolution
		{83D2FD93-A5FD-4B32-8288-688488468874}.Debug|Any CPU.ActiveCfg = Debug|Any CPU
		{83D2FD93-A5FD-4B32-8288-688488468874}.Debug|Any CPU.Build.0 = Debug|Any CPU
		{83D2FD93-A5FD-4B32-8288-688488468874}.Debug|x64.ActiveCfg = Debug|Any CPU
		{83D2FD93-A5FD-4B32-8288-688488468874}.Debug|x64.Build.0 = Debug|Any CPU
		{83D2FD93-A5FD-4B32-8288-688488468874}.Debug|x86.ActiveCfg = Debug|Any CPU
		{83D2FD93-A5FD-4B32-8288-688488468874}.Debug|x86.Build.0 = Debug|Any CPU
		{83D2FD93-A5FD-4B32-8288-688488468874}.Release|Any CPU.ActiveCfg = Release|Any CPU
		{83D2FD93-A5FD-4B32-8288-688488468874}.Release|Any CPU.Build.0 = Release|Any CPU
		{83D2FD93-A5FD-4B32-8288-688488468874}.Release|x64.ActiveCfg = Release|Any CPU
		{83D2FD93-A5FD-4B32-8288-688488468874}.Release|x64.Build.0 = Release|Any CPU
		{83D2FD93-A5FD-4B32-8288-688488468874}.Release|x86.ActiveCfg = Release|Any CPU
		{83D2FD93-A5FD-4B32-8288-688488468874}.Release|x86.Build.0 = Release|Any CPU
		{5E53573A-F57E-4CA6-98A2-C4B657403181}.Debug|Any CPU.ActiveCfg = Debug|Any CPU
		{5E53573A-F57E-4CA6-98A2-C4B657403181}.Debug|Any CPU.Build.0 = Debug|Any CPU
		{5E53573A-F57E-4CA6-98A2-C4B657403181}.Debug|x64.ActiveCfg = Debug|Any CPU
		{5E53573A-F57E-4CA6-98A2-C4B657403181}.Debug|x64.Build.0 = Debug|Any CPU
		{5E53573A-F57E-4CA6-98A2-C4B657403181}.Debug|x86.ActiveCfg = Debug|Any CPU
		{5E53573A-F57E-4CA6-98A2-C4B657403181}.Debug|x86.Build.0 = Debug|Any CPU
		{5E53573A-F57E-4CA6-98A2-C4B657403181}.Release|Any CPU.ActiveCfg = Release|Any CPU
		{5E53573A-F57E-4CA6-98A2-C4B657403181}.Release|Any CPU.Build.0 = Release|Any CPU
		{5E53573A-F57E-4CA6-98A2-C4B657403181}.Release|x64.ActiveCfg = Release|Any CPU
		{5E53573A-F57E-4CA6-98A2-C4B657403181}.Release|x64.Build.0 = Release|Any CPU
		{5E53573A-F57E-4CA6-98A2-C4B657403181}.Release|x86.ActiveCfg = Release|Any CPU
		{5E53573A-F57E-4CA6-98A2-C4B657403181}.Release|x86.Build.0 = Release|Any CPU
		{0DB33F5A-A782-4BE9-8033-A9DE498E1138}.Debug|Any CPU.ActiveCfg = Debug|Any CPU
		{0DB33F5A-A782-4BE9-8033-A9DE498E1138}.Debug|Any CPU.Build.0 = Debug|Any CPU
		{0DB33F5A-A782-4BE9-8033-A9DE498E1138}.Debug|x64.ActiveCfg = Debug|Any CPU
		{0DB33F5A-A782-4BE9-8033-A9DE498E1138}.Debug|x64.Build.0 = Debug|Any CPU
		{0DB33F5A-A782-4BE9-8033-A9DE498E1138}.Debug|x86.ActiveCfg = Debug|Any CPU
		{0DB33F5A-A782-4BE9-8033-A9DE498E1138}.Debug|x86.Build.0 = Debug|Any CPU
		{0DB33F5A-A782-4BE9-8033-A9DE498E1138}.Release|Any CPU.ActiveCfg = Release|Any CPU
		{0DB33F5A-A782-4BE9-8033-A9DE498E1138}.Release|Any CPU.Build.0 = Release|Any CPU
		{0DB33F5A-A782-4BE9-8033-A9DE498E1138}.Release|x64.ActiveCfg = Release|Any CPU
		{0DB33F5A-A782-4BE9-8033-A9DE498E1138}.Release|x64.Build.0 = Release|Any CPU
		{0DB33F5A-A782-4BE9-8033-A9DE498E1138}.Release|x86.ActiveCfg = Release|Any CPU
		{0DB33F5A-A782-4BE9-8033-A9DE498E1138}.Release|x86.Build.0 = Release|Any CPU
		{8DAE99AE-FCAB-4984-82C8-C3885566B194}.Debug|Any CPU.ActiveCfg = Debug|Any CPU
		{8DAE99AE-FCAB-4984-82C8-C3885566B194}.Debug|Any CPU.Build.0 = Debug|Any CPU
		{8DAE99AE-FCAB-4984-82C8-C3885566B194}.Debug|x64.ActiveCfg = Debug|Any CPU
		{8DAE99AE-FCAB-4984-82C8-C3885566B194}.Debug|x64.Build.0 = Debug|Any CPU
		{8DAE99AE-FCAB-4984-82C8-C3885566B194}.Debug|x86.ActiveCfg = Debug|Any CPU
		{8DAE99AE-FCAB-4984-82C8-C3885566B194}.Debug|x86.Build.0 = Debug|Any CPU
		{8DAE99AE-FCAB-4984-82C8-C3885566B194}.Release|Any CPU.ActiveCfg = Release|Any CPU
		{8DAE99AE-FCAB-4984-82C8-C3885566B194}.Release|Any CPU.Build.0 = Release|Any CPU
		{8DAE99AE-FCAB-4984-82C8-C3885566B194}.Release|x64.ActiveCfg = Release|Any CPU
		{8DAE99AE-FCAB-4984-82C8-C3885566B194}.Release|x64.Build.0 = Release|Any CPU
		{8DAE99AE-FCAB-4984-82C8-C3885566B194}.Release|x86.ActiveCfg = Release|Any CPU
		{8DAE99AE-FCAB-4984-82C8-C3885566B194}.Release|x86.Build.0 = Release|Any CPU
		{05D5BA07-F2B3-4ACD-9466-EA39AB849FD3}.Debug|Any CPU.ActiveCfg = Debug|Any CPU
		{05D5BA07-F2B3-4ACD-9466-EA39AB849FD3}.Debug|Any CPU.Build.0 = Debug|Any CPU
		{05D5BA07-F2B3-4ACD-9466-EA39AB849FD3}.Debug|x64.ActiveCfg = Debug|Any CPU
		{05D5BA07-F2B3-4ACD-9466-EA39AB849FD3}.Debug|x64.Build.0 = Debug|Any CPU
		{05D5BA07-F2B3-4ACD-9466-EA39AB849FD3}.Debug|x86.ActiveCfg = Debug|Any CPU
		{05D5BA07-F2B3-4ACD-9466-EA39AB849FD3}.Debug|x86.Build.0 = Debug|Any CPU
		{05D5BA07-F2B3-4ACD-9466-EA39AB849FD3}.Release|Any CPU.ActiveCfg = Release|Any CPU
		{05D5BA07-F2B3-4ACD-9466-EA39AB849FD3}.Release|Any CPU.Build.0 = Release|Any CPU
		{05D5BA07-F2B3-4ACD-9466-EA39AB849FD3}.Release|x64.ActiveCfg = Release|Any CPU
		{05D5BA07-F2B3-4ACD-9466-EA39AB849FD3}.Release|x64.Build.0 = Release|Any CPU
		{05D5BA07-F2B3-4ACD-9466-EA39AB849FD3}.Release|x86.ActiveCfg = Release|Any CPU
		{05D5BA07-F2B3-4ACD-9466-EA39AB849FD3}.Release|x86.Build.0 = Release|Any CPU
		{3F3A2A06-DE64-4656-8ACB-BA2898B42B4F}.Debug|Any CPU.ActiveCfg = Debug|Any CPU
		{3F3A2A06-DE64-4656-8ACB-BA2898B42B4F}.Debug|Any CPU.Build.0 = Debug|Any CPU
		{3F3A2A06-DE64-4656-8ACB-BA2898B42B4F}.Debug|x64.ActiveCfg = Debug|Any CPU
		{3F3A2A06-DE64-4656-8ACB-BA2898B42B4F}.Debug|x64.Build.0 = Debug|Any CPU
		{3F3A2A06-DE64-4656-8ACB-BA2898B42B4F}.Debug|x86.ActiveCfg = Debug|Any CPU
		{3F3A2A06-DE64-4656-8ACB-BA2898B42B4F}.Debug|x86.Build.0 = Debug|Any CPU
		{3F3A2A06-DE64-4656-8ACB-BA2898B42B4F}.Release|Any CPU.ActiveCfg = Release|Any CPU
		{3F3A2A06-DE64-4656-8ACB-BA2898B42B4F}.Release|Any CPU.Build.0 = Release|Any CPU
		{3F3A2A06-DE64-4656-8ACB-BA2898B42B4F}.Release|x64.ActiveCfg = Release|Any CPU
		{3F3A2A06-DE64-4656-8ACB-BA2898B42B4F}.Release|x64.Build.0 = Release|Any CPU
		{3F3A2A06-DE64-4656-8ACB-BA2898B42B4F}.Release|x86.ActiveCfg = Release|Any CPU
		{3F3A2A06-DE64-4656-8ACB-BA2898B42B4F}.Release|x86.Build.0 = Release|Any CPU
	EndGlobalSection
	GlobalSection(SolutionProperties) = preSolution
		HideSolutionNode = FALSE
	EndGlobalSection
EndGlobal
